
Microsoft Visual Studio Solution File, Format Version 12.00
# Visual Studio Version 17
VisualStudioVersion = 17.5.002.0
MinimumVisualStudioVersion = 10.0.40219.1
Project("{2150E333-8FDC-42A3-9474-1A3956D46DE8}") = "temas", "temas", "{3E50FB81-8663-4DC7-801E-CB46EE67EF41}"
EndProject
Project("{2150E333-8FDC-42A3-9474-1A3956D46DE8}") = "abstraccion", "abstraccion", "{37D9E1C5-CD94-4044-966A-E3C751BD3ADB}"
EndProject
Project("{2150E333-8FDC-42A3-9474-1A3956D46DE8}") = "csharp", "csharp", "{AE53334A-CF27-4E3B-A682-320426D45DC6}"
EndProject
Project("{9A19103F-16F7-4668-BE54-9A1E7A4F7556}") = "Abstraccion", "temas\abstraccion\csharp\Code\Abstraccion.csproj", "{9D1A38D3-86F3-4258-83E0-227F28FC8B66}"
EndProject
Project("{9A19103F-16F7-4668-BE54-9A1E7A4F7556}") = "test", "temas\abstraccion\csharp\Test\test.csproj", "{352FE672-AAF5-470C-81A9-0422A4BF7052}"
EndProject
Project("{2150E333-8FDC-42A3-9474-1A3956D46DE8}") = "anotaciones", "anotaciones", "{DE98F3BA-6F01-4346-B44B-FAA627296CF3}"
EndProject
Project("{2150E333-8FDC-42A3-9474-1A3956D46DE8}") = "csharp", "csharp", "{3AA3544A-160E-42FF-B1B7-41BFA8D429F7}"
EndProject
Project("{9A19103F-16F7-4668-BE54-9A1E7A4F7556}") = "Code", "temas\anotaciones\csharp\Code\Code.csproj", "{92DFDE7D-DE0E-478B-AF49-7C4AEBD79624}"
EndProject
Project("{9A19103F-16F7-4668-BE54-9A1E7A4F7556}") = "Test", "temas\anotaciones\csharp\Test\Test.csproj", "{9A5B022C-8404-49CA-B15A-3CC29F2AA45C}"
EndProject
Project("{2150E333-8FDC-42A3-9474-1A3956D46DE8}") = "csharp-01", "csharp-01", "{4CFF84AD-3A8F-452B-9BE7-1BBCCAF455F2}"
EndProject
Project("{9A19103F-16F7-4668-BE54-9A1E7A4F7556}") = "Csharp_Anotaciones", "temas\anotaciones\csharp-01\Csharp_Anotaciones\Csharp_Anotaciones.csproj", "{7E7299DA-4F6E-409E-892F-CA8647493C8C}"
EndProject
Project("{9A19103F-16F7-4668-BE54-9A1E7A4F7556}") = "Tests_Anotaciones", "temas\anotaciones\csharp-01\Tests_Anotaciones\Tests_Anotaciones.csproj", "{14D48AC6-C063-4C2C-8C76-E94B878A6727}"
EndProject
Project("{2150E333-8FDC-42A3-9474-1A3956D46DE8}") = "aspectos", "aspectos", "{93A3DCCF-6008-4681-B73C-D54A8AE0D098}"
EndProject
Project("{2150E333-8FDC-42A3-9474-1A3956D46DE8}") = "csharp", "csharp", "{2D6BA2DF-5555-4A4E-8F40-54077585D0F9}"
EndProject
Project("{9A19103F-16F7-4668-BE54-9A1E7A4F7556}") = "Code", "temas\aspectos\csharp\Code\Code.csproj", "{99C8242D-390F-4717-BCDA-EA60BA85E7BF}"
EndProject
Project("{9A19103F-16F7-4668-BE54-9A1E7A4F7556}") = "Test", "temas\aspectos\csharp\Test\Test.csproj", "{93FA3BEA-9F5B-41C0-902F-4824FF1A4CBD}"
EndProject
Project("{2150E333-8FDC-42A3-9474-1A3956D46DE8}") = "delegacion", "delegacion", "{03F3C5E6-DE03-4342-9BE4-7560C5B5B3CE}"
EndProject
Project("{2150E333-8FDC-42A3-9474-1A3956D46DE8}") = "csharp", "csharp", "{906125ED-54AD-48F1-9BD3-5CD25F3C57B4}"
EndProject
Project("{9A19103F-16F7-4668-BE54-9A1E7A4F7556}") = "Delegacion", "temas\delegacion\csharp\Code\Delegacion.csproj", "{2E8E9533-E4FA-43B0-A31E-6447FBA79056}"
EndProject
Project("{9A19103F-16F7-4668-BE54-9A1E7A4F7556}") = "test", "temas\delegacion\csharp\Test\test.csproj", "{529C8CC6-FE5C-4501-BC15-79A06908C71B}"
EndProject
Project("{2150E333-8FDC-42A3-9474-1A3956D46DE8}") = "csharp-01", "csharp-01", "{FA48BD96-A8E7-401C-8F7C-28C6F99ACD7C}"
EndProject
Project("{9A19103F-16F7-4668-BE54-9A1E7A4F7556}") = "Csharp", "temas\delegacion\csharp-01\Csharp\Csharp.csproj", "{B2EFFEA3-6A0C-43A9-BA73-AB378FB75F1E}"
EndProject
Project("{9A19103F-16F7-4668-BE54-9A1E7A4F7556}") = "Tests", "temas\delegacion\csharp-01\Tests\Tests.csproj", "{8B2DDCBB-F7DF-4E81-9FB7-12BB1C63FF79}"
EndProject
Project("{2150E333-8FDC-42A3-9474-1A3956D46DE8}") = "errores", "errores", "{11BDEA36-89F7-4E83-9D90-C543180E81F3}"
EndProject
Project("{2150E333-8FDC-42A3-9474-1A3956D46DE8}") = "csharp", "csharp", "{EF30CBEE-AA0E-4133-B34D-5793D9356F67}"
EndProject
Project("{9A19103F-16F7-4668-BE54-9A1E7A4F7556}") = "Errores", "temas\errores\csharp\Code\Errores.csproj", "{68DE07DB-C348-44E8-8481-D2BD6D6BCF99}"
EndProject
Project("{9A19103F-16F7-4668-BE54-9A1E7A4F7556}") = "test", "temas\errores\csharp\Test\test.csproj", "{D3B30FA4-40DC-4D9E-ACDE-66CBC140E1BB}"
EndProject
Project("{2150E333-8FDC-42A3-9474-1A3956D46DE8}") = "herencia", "herencia", "{630878EF-E78C-49D1-AEA4-9A2FD5EC4AEE}"
EndProject
Project("{2150E333-8FDC-42A3-9474-1A3956D46DE8}") = "csharp", "csharp", "{F2953EBA-AFB6-448F-85D0-93CE0F2308E6}"
EndProject
Project("{9A19103F-16F7-4668-BE54-9A1E7A4F7556}") = "Herencia", "temas\herencia\csharp\Code\Herencia.csproj", "{2EF20113-0DB0-40AC-973B-2ECFF78D02FC}"
EndProject
Project("{9A19103F-16F7-4668-BE54-9A1E7A4F7556}") = "test", "temas\herencia\csharp\Test\test.csproj", "{7319A89D-C597-44A9-A470-18071CB02D7D}"
EndProject
Project("{2150E333-8FDC-42A3-9474-1A3956D46DE8}") = "inyeccion", "inyeccion", "{B47B711E-B4D3-4783-9B3D-AD32296EDADF}"
EndProject
Project("{2150E333-8FDC-42A3-9474-1A3956D46DE8}") = "csharp", "csharp", "{8CFFFF6D-6C4B-4D22-A656-5A0EB4105AFF}"
EndProject
Project("{9A19103F-16F7-4668-BE54-9A1E7A4F7556}") = "Code", "temas\inyeccion\csharp\Code\Code.csproj", "{77FB2672-DAC3-4F00-A054-08A988F517E7}"
EndProject
Project("{9A19103F-16F7-4668-BE54-9A1E7A4F7556}") = "Test", "temas\inyeccion\csharp\Test\Test.csproj", "{369AEC45-2A18-44D0-9399-17BB414FD07F}"
EndProject
Project("{2150E333-8FDC-42A3-9474-1A3956D46DE8}") = "csharp-01", "csharp-01", "{C4CA19E8-7D6A-454B-8562-9F8D022CC49A}"
EndProject
Project("{9A19103F-16F7-4668-BE54-9A1E7A4F7556}") = "Csharp_Inyeccion", "temas\inyeccion\csharp-01\Csharp_Inyeccion\Csharp_Inyeccion.csproj", "{B769DB33-51E3-4C55-8095-8A8477FD7AD9}"
EndProject
Project("{9A19103F-16F7-4668-BE54-9A1E7A4F7556}") = "Tests_Inyeccion", "temas\inyeccion\csharp-01\Tests_Inyeccion\Tests_Inyeccion.csproj", "{CFE35B19-AB5E-47E6-8425-C5AD2EB376E4}"
EndProject
Project("{2150E333-8FDC-42A3-9474-1A3956D46DE8}") = "lambdas", "lambdas", "{D74FA808-635C-401E-B003-18A03314B6C1}"
EndProject
Project("{2150E333-8FDC-42A3-9474-1A3956D46DE8}") = "csharp", "csharp", "{742EE686-AC84-4CB9-90DF-4871A6B8C316}"
EndProject
Project("{9A19103F-16F7-4668-BE54-9A1E7A4F7556}") = "Lambdas", "temas\lambdas\csharp\Code\Lambdas.csproj", "{7DA63F45-EDF9-4D19-A439-F62B0DC155B8}"
EndProject
Project("{9A19103F-16F7-4668-BE54-9A1E7A4F7556}") = "test", "temas\lambdas\csharp\Test\test.csproj", "{1418B009-9DDF-4ABE-BC8A-E6A50985888B}"
EndProject
Global
	GlobalSection(SolutionConfigurationPlatforms) = preSolution
		Debug|Any CPU = Debug|Any CPU
		Release|Any CPU = Release|Any CPU
	EndGlobalSection
	GlobalSection(ProjectConfigurationPlatforms) = postSolution
		{9D1A38D3-86F3-4258-83E0-227F28FC8B66}.Debug|Any CPU.ActiveCfg = Debug|Any CPU
		{9D1A38D3-86F3-4258-83E0-227F28FC8B66}.Debug|Any CPU.Build.0 = Debug|Any CPU
		{9D1A38D3-86F3-4258-83E0-227F28FC8B66}.Release|Any CPU.ActiveCfg = Release|Any CPU
		{9D1A38D3-86F3-4258-83E0-227F28FC8B66}.Release|Any CPU.Build.0 = Release|Any CPU
		{352FE672-AAF5-470C-81A9-0422A4BF7052}.Debug|Any CPU.ActiveCfg = Debug|Any CPU
		{352FE672-AAF5-470C-81A9-0422A4BF7052}.Debug|Any CPU.Build.0 = Debug|Any CPU
		{352FE672-AAF5-470C-81A9-0422A4BF7052}.Release|Any CPU.ActiveCfg = Release|Any CPU
		{352FE672-AAF5-470C-81A9-0422A4BF7052}.Release|Any CPU.Build.0 = Release|Any CPU
		{92DFDE7D-DE0E-478B-AF49-7C4AEBD79624}.Debug|Any CPU.ActiveCfg = Debug|Any CPU
		{92DFDE7D-DE0E-478B-AF49-7C4AEBD79624}.Debug|Any CPU.Build.0 = Debug|Any CPU
		{92DFDE7D-DE0E-478B-AF49-7C4AEBD79624}.Release|Any CPU.ActiveCfg = Release|Any CPU
		{92DFDE7D-DE0E-478B-AF49-7C4AEBD79624}.Release|Any CPU.Build.0 = Release|Any CPU
		{9A5B022C-8404-49CA-B15A-3CC29F2AA45C}.Debug|Any CPU.ActiveCfg = Debug|Any CPU
		{9A5B022C-8404-49CA-B15A-3CC29F2AA45C}.Debug|Any CPU.Build.0 = Debug|Any CPU
		{9A5B022C-8404-49CA-B15A-3CC29F2AA45C}.Release|Any CPU.ActiveCfg = Release|Any CPU
		{9A5B022C-8404-49CA-B15A-3CC29F2AA45C}.Release|Any CPU.Build.0 = Release|Any CPU
		{7E7299DA-4F6E-409E-892F-CA8647493C8C}.Debug|Any CPU.ActiveCfg = Debug|Any CPU
		{7E7299DA-4F6E-409E-892F-CA8647493C8C}.Debug|Any CPU.Build.0 = Debug|Any CPU
		{7E7299DA-4F6E-409E-892F-CA8647493C8C}.Release|Any CPU.ActiveCfg = Release|Any CPU
		{7E7299DA-4F6E-409E-892F-CA8647493C8C}.Release|Any CPU.Build.0 = Release|Any CPU
		{14D48AC6-C063-4C2C-8C76-E94B878A6727}.Debug|Any CPU.ActiveCfg = Debug|Any CPU
		{14D48AC6-C063-4C2C-8C76-E94B878A6727}.Debug|Any CPU.Build.0 = Debug|Any CPU
		{14D48AC6-C063-4C2C-8C76-E94B878A6727}.Release|Any CPU.ActiveCfg = Release|Any CPU
		{14D48AC6-C063-4C2C-8C76-E94B878A6727}.Release|Any CPU.Build.0 = Release|Any CPU
		{99C8242D-390F-4717-BCDA-EA60BA85E7BF}.Debug|Any CPU.ActiveCfg = Debug|Any CPU
		{99C8242D-390F-4717-BCDA-EA60BA85E7BF}.Debug|Any CPU.Build.0 = Debug|Any CPU
		{99C8242D-390F-4717-BCDA-EA60BA85E7BF}.Release|Any CPU.ActiveCfg = Release|Any CPU
		{99C8242D-390F-4717-BCDA-EA60BA85E7BF}.Release|Any CPU.Build.0 = Release|Any CPU
		{93FA3BEA-9F5B-41C0-902F-4824FF1A4CBD}.Debug|Any CPU.ActiveCfg = Debug|Any CPU
		{93FA3BEA-9F5B-41C0-902F-4824FF1A4CBD}.Debug|Any CPU.Build.0 = Debug|Any CPU
		{93FA3BEA-9F5B-41C0-902F-4824FF1A4CBD}.Release|Any CPU.ActiveCfg = Release|Any CPU
		{93FA3BEA-9F5B-41C0-902F-4824FF1A4CBD}.Release|Any CPU.Build.0 = Release|Any CPU
		{2E8E9533-E4FA-43B0-A31E-6447FBA79056}.Debug|Any CPU.ActiveCfg = Debug|Any CPU
		{2E8E9533-E4FA-43B0-A31E-6447FBA79056}.Debug|Any CPU.Build.0 = Debug|Any CPU
		{2E8E9533-E4FA-43B0-A31E-6447FBA79056}.Release|Any CPU.ActiveCfg = Release|Any CPU
		{2E8E9533-E4FA-43B0-A31E-6447FBA79056}.Release|Any CPU.Build.0 = Release|Any CPU
		{529C8CC6-FE5C-4501-BC15-79A06908C71B}.Debug|Any CPU.ActiveCfg = Debug|Any CPU
		{529C8CC6-FE5C-4501-BC15-79A06908C71B}.Debug|Any CPU.Build.0 = Debug|Any CPU
		{529C8CC6-FE5C-4501-BC15-79A06908C71B}.Release|Any CPU.ActiveCfg = Release|Any CPU
		{529C8CC6-FE5C-4501-BC15-79A06908C71B}.Release|Any CPU.Build.0 = Release|Any CPU
		{B2EFFEA3-6A0C-43A9-BA73-AB378FB75F1E}.Debug|Any CPU.ActiveCfg = Debug|Any CPU
		{B2EFFEA3-6A0C-43A9-BA73-AB378FB75F1E}.Debug|Any CPU.Build.0 = Debug|Any CPU
		{B2EFFEA3-6A0C-43A9-BA73-AB378FB75F1E}.Release|Any CPU.ActiveCfg = Release|Any CPU
		{B2EFFEA3-6A0C-43A9-BA73-AB378FB75F1E}.Release|Any CPU.Build.0 = Release|Any CPU
		{8B2DDCBB-F7DF-4E81-9FB7-12BB1C63FF79}.Debug|Any CPU.ActiveCfg = Debug|Any CPU
		{8B2DDCBB-F7DF-4E81-9FB7-12BB1C63FF79}.Debug|Any CPU.Build.0 = Debug|Any CPU
		{8B2DDCBB-F7DF-4E81-9FB7-12BB1C63FF79}.Release|Any CPU.ActiveCfg = Release|Any CPU
		{8B2DDCBB-F7DF-4E81-9FB7-12BB1C63FF79}.Release|Any CPU.Build.0 = Release|Any CPU
		{68DE07DB-C348-44E8-8481-D2BD6D6BCF99}.Debug|Any CPU.ActiveCfg = Debug|Any CPU
		{68DE07DB-C348-44E8-8481-D2BD6D6BCF99}.Debug|Any CPU.Build.0 = Debug|Any CPU
		{68DE07DB-C348-44E8-8481-D2BD6D6BCF99}.Release|Any CPU.ActiveCfg = Release|Any CPU
		{68DE07DB-C348-44E8-8481-D2BD6D6BCF99}.Release|Any CPU.Build.0 = Release|Any CPU
		{D3B30FA4-40DC-4D9E-ACDE-66CBC140E1BB}.Debug|Any CPU.ActiveCfg = Debug|Any CPU
		{D3B30FA4-40DC-4D9E-ACDE-66CBC140E1BB}.Debug|Any CPU.Build.0 = Debug|Any CPU
		{D3B30FA4-40DC-4D9E-ACDE-66CBC140E1BB}.Release|Any CPU.ActiveCfg = Release|Any CPU
		{D3B30FA4-40DC-4D9E-ACDE-66CBC140E1BB}.Release|Any CPU.Build.0 = Release|Any CPU
		{2EF20113-0DB0-40AC-973B-2ECFF78D02FC}.Debug|Any CPU.ActiveCfg = Debug|Any CPU
		{2EF20113-0DB0-40AC-973B-2ECFF78D02FC}.Debug|Any CPU.Build.0 = Debug|Any CPU
		{2EF20113-0DB0-40AC-973B-2ECFF78D02FC}.Release|Any CPU.ActiveCfg = Release|Any CPU
		{2EF20113-0DB0-40AC-973B-2ECFF78D02FC}.Release|Any CPU.Build.0 = Release|Any CPU
		{7319A89D-C597-44A9-A470-18071CB02D7D}.Debug|Any CPU.ActiveCfg = Debug|Any CPU
		{7319A89D-C597-44A9-A470-18071CB02D7D}.Debug|Any CPU.Build.0 = Debug|Any CPU
		{7319A89D-C597-44A9-A470-18071CB02D7D}.Release|Any CPU.ActiveCfg = Release|Any CPU
		{7319A89D-C597-44A9-A470-18071CB02D7D}.Release|Any CPU.Build.0 = Release|Any CPU
		{77FB2672-DAC3-4F00-A054-08A988F517E7}.Debug|Any CPU.ActiveCfg = Debug|Any CPU
		{77FB2672-DAC3-4F00-A054-08A988F517E7}.Debug|Any CPU.Build.0 = Debug|Any CPU
		{77FB2672-DAC3-4F00-A054-08A988F517E7}.Release|Any CPU.ActiveCfg = Release|Any CPU
		{77FB2672-DAC3-4F00-A054-08A988F517E7}.Release|Any CPU.Build.0 = Release|Any CPU
		{369AEC45-2A18-44D0-9399-17BB414FD07F}.Debug|Any CPU.ActiveCfg = Debug|Any CPU
		{369AEC45-2A18-44D0-9399-17BB414FD07F}.Debug|Any CPU.Build.0 = Debug|Any CPU
		{369AEC45-2A18-44D0-9399-17BB414FD07F}.Release|Any CPU.ActiveCfg = Release|Any CPU
		{369AEC45-2A18-44D0-9399-17BB414FD07F}.Release|Any CPU.Build.0 = Release|Any CPU
		{B769DB33-51E3-4C55-8095-8A8477FD7AD9}.Debug|Any CPU.ActiveCfg = Debug|Any CPU
		{B769DB33-51E3-4C55-8095-8A8477FD7AD9}.Debug|Any CPU.Build.0 = Debug|Any CPU
		{B769DB33-51E3-4C55-8095-8A8477FD7AD9}.Release|Any CPU.ActiveCfg = Release|Any CPU
		{B769DB33-51E3-4C55-8095-8A8477FD7AD9}.Release|Any CPU.Build.0 = Release|Any CPU
		{CFE35B19-AB5E-47E6-8425-C5AD2EB376E4}.Debug|Any CPU.ActiveCfg = Debug|Any CPU
		{CFE35B19-AB5E-47E6-8425-C5AD2EB376E4}.Debug|Any CPU.Build.0 = Debug|Any CPU
		{CFE35B19-AB5E-47E6-8425-C5AD2EB376E4}.Release|Any CPU.ActiveCfg = Release|Any CPU
		{CFE35B19-AB5E-47E6-8425-C5AD2EB376E4}.Release|Any CPU.Build.0 = Release|Any CPU
		{7DA63F45-EDF9-4D19-A439-F62B0DC155B8}.Debug|Any CPU.ActiveCfg = Debug|Any CPU
		{7DA63F45-EDF9-4D19-A439-F62B0DC155B8}.Debug|Any CPU.Build.0 = Debug|Any CPU
		{7DA63F45-EDF9-4D19-A439-F62B0DC155B8}.Release|Any CPU.ActiveCfg = Release|Any CPU
		{7DA63F45-EDF9-4D19-A439-F62B0DC155B8}.Release|Any CPU.Build.0 = Release|Any CPU
		{1418B009-9DDF-4ABE-BC8A-E6A50985888B}.Debug|Any CPU.ActiveCfg = Debug|Any CPU
		{1418B009-9DDF-4ABE-BC8A-E6A50985888B}.Debug|Any CPU.Build.0 = Debug|Any CPU
		{1418B009-9DDF-4ABE-BC8A-E6A50985888B}.Release|Any CPU.ActiveCfg = Release|Any CPU
		{1418B009-9DDF-4ABE-BC8A-E6A50985888B}.Release|Any CPU.Build.0 = Release|Any CPU
	EndGlobalSection
	GlobalSection(SolutionProperties) = preSolution
		HideSolutionNode = FALSE
	EndGlobalSection
	GlobalSection(NestedProjects) = preSolution
		{37D9E1C5-CD94-4044-966A-E3C751BD3ADB} = {3E50FB81-8663-4DC7-801E-CB46EE67EF41}
		{AE53334A-CF27-4E3B-A682-320426D45DC6} = {37D9E1C5-CD94-4044-966A-E3C751BD3ADB}
		{9D1A38D3-86F3-4258-83E0-227F28FC8B66} = {AE53334A-CF27-4E3B-A682-320426D45DC6}
		{352FE672-AAF5-470C-81A9-0422A4BF7052} = {AE53334A-CF27-4E3B-A682-320426D45DC6}
		{DE98F3BA-6F01-4346-B44B-FAA627296CF3} = {3E50FB81-8663-4DC7-801E-CB46EE67EF41}
		{3AA3544A-160E-42FF-B1B7-41BFA8D429F7} = {DE98F3BA-6F01-4346-B44B-FAA627296CF3}
		{92DFDE7D-DE0E-478B-AF49-7C4AEBD79624} = {3AA3544A-160E-42FF-B1B7-41BFA8D429F7}
		{9A5B022C-8404-49CA-B15A-3CC29F2AA45C} = {3AA3544A-160E-42FF-B1B7-41BFA8D429F7}
		{4CFF84AD-3A8F-452B-9BE7-1BBCCAF455F2} = {DE98F3BA-6F01-4346-B44B-FAA627296CF3}
		{7E7299DA-4F6E-409E-892F-CA8647493C8C} = {4CFF84AD-3A8F-452B-9BE7-1BBCCAF455F2}
		{14D48AC6-C063-4C2C-8C76-E94B878A6727} = {4CFF84AD-3A8F-452B-9BE7-1BBCCAF455F2}
		{93A3DCCF-6008-4681-B73C-D54A8AE0D098} = {3E50FB81-8663-4DC7-801E-CB46EE67EF41}
		{2D6BA2DF-5555-4A4E-8F40-54077585D0F9} = {93A3DCCF-6008-4681-B73C-D54A8AE0D098}
		{99C8242D-390F-4717-BCDA-EA60BA85E7BF} = {2D6BA2DF-5555-4A4E-8F40-54077585D0F9}
		{93FA3BEA-9F5B-41C0-902F-4824FF1A4CBD} = {2D6BA2DF-5555-4A4E-8F40-54077585D0F9}
		{03F3C5E6-DE03-4342-9BE4-7560C5B5B3CE} = {3E50FB81-8663-4DC7-801E-CB46EE67EF41}
		{906125ED-54AD-48F1-9BD3-5CD25F3C57B4} = {03F3C5E6-DE03-4342-9BE4-7560C5B5B3CE}
		{2E8E9533-E4FA-43B0-A31E-6447FBA79056} = {906125ED-54AD-48F1-9BD3-5CD25F3C57B4}
		{529C8CC6-FE5C-4501-BC15-79A06908C71B} = {906125ED-54AD-48F1-9BD3-5CD25F3C57B4}
		{FA48BD96-A8E7-401C-8F7C-28C6F99ACD7C} = {03F3C5E6-DE03-4342-9BE4-7560C5B5B3CE}
		{B2EFFEA3-6A0C-43A9-BA73-AB378FB75F1E} = {FA48BD96-A8E7-401C-8F7C-28C6F99ACD7C}
		{8B2DDCBB-F7DF-4E81-9FB7-12BB1C63FF79} = {FA48BD96-A8E7-401C-8F7C-28C6F99ACD7C}
		{11BDEA36-89F7-4E83-9D90-C543180E81F3} = {3E50FB81-8663-4DC7-801E-CB46EE67EF41}
		{EF30CBEE-AA0E-4133-B34D-5793D9356F67} = {11BDEA36-89F7-4E83-9D90-C543180E81F3}
		{68DE07DB-C348-44E8-8481-D2BD6D6BCF99} = {EF30CBEE-AA0E-4133-B34D-5793D9356F67}
		{D3B30FA4-40DC-4D9E-ACDE-66CBC140E1BB} = {EF30CBEE-AA0E-4133-B34D-5793D9356F67}
		{630878EF-E78C-49D1-AEA4-9A2FD5EC4AEE} = {3E50FB81-8663-4DC7-801E-CB46EE67EF41}
		{F2953EBA-AFB6-448F-85D0-93CE0F2308E6} = {630878EF-E78C-49D1-AEA4-9A2FD5EC4AEE}
		{2EF20113-0DB0-40AC-973B-2ECFF78D02FC} = {F2953EBA-AFB6-448F-85D0-93CE0F2308E6}
		{7319A89D-C597-44A9-A470-18071CB02D7D} = {F2953EBA-AFB6-448F-85D0-93CE0F2308E6}
		{B47B711E-B4D3-4783-9B3D-AD32296EDADF} = {3E50FB81-8663-4DC7-801E-CB46EE67EF41}
		{8CFFFF6D-6C4B-4D22-A656-5A0EB4105AFF} = {B47B711E-B4D3-4783-9B3D-AD32296EDADF}
		{77FB2672-DAC3-4F00-A054-08A988F517E7} = {8CFFFF6D-6C4B-4D22-A656-5A0EB4105AFF}
		{369AEC45-2A18-44D0-9399-17BB414FD07F} = {8CFFFF6D-6C4B-4D22-A656-5A0EB4105AFF}
		{C4CA19E8-7D6A-454B-8562-9F8D022CC49A} = {B47B711E-B4D3-4783-9B3D-AD32296EDADF}
		{B769DB33-51E3-4C55-8095-8A8477FD7AD9} = {C4CA19E8-7D6A-454B-8562-9F8D022CC49A}
		{CFE35B19-AB5E-47E6-8425-C5AD2EB376E4} = {C4CA19E8-7D6A-454B-8562-9F8D022CC49A}
		{D74FA808-635C-401E-B003-18A03314B6C1} = {3E50FB81-8663-4DC7-801E-CB46EE67EF41}
		{742EE686-AC84-4CB9-90DF-4871A6B8C316} = {D74FA808-635C-401E-B003-18A03314B6C1}
		{7DA63F45-EDF9-4D19-A439-F62B0DC155B8} = {742EE686-AC84-4CB9-90DF-4871A6B8C316}
		{1418B009-9DDF-4ABE-BC8A-E6A50985888B} = {742EE686-AC84-4CB9-90DF-4871A6B8C316}
	EndGlobalSection
	GlobalSection(ExtensibilityGlobals) = postSolution
		SolutionGuid = {7BA8B0C4-A866-44B7-8BF4-2450487E53A9}
	EndGlobalSection
EndGlobal
