
Microsoft Visual Studio Solution File, Format Version 12.00
# Visual Studio Version 17
VisualStudioVersion = 17.5.002.0
MinimumVisualStudioVersion = 10.0.40219.1
Project("{2150E333-8FDC-42A3-9474-1A3956D46DE8}") = "temas", "temas", "{A635B5E3-6600-4E09-810E-26922D39E861}"
EndProject
Project("{2150E333-8FDC-42A3-9474-1A3956D46DE8}") = "inyeccion", "inyeccion", "{1A9B21BE-90F2-4589-BF77-B5BFD60EB508}"
EndProject
Project("{2150E333-8FDC-42A3-9474-1A3956D46DE8}") = "csharp-01", "csharp-01", "{12403B42-973D-4B1F-BC13-BFD72B5DD0BF}"
EndProject
Project("{9A19103F-16F7-4668-BE54-9A1E7A4F7556}") = "Csharp_Inyeccion", "temas\inyeccion\csharp-01\Csharp_Inyeccion\Csharp_Inyeccion.csproj", "{9727B431-05EE-4F89-A7C8-8E9E4B08E3C2}"
EndProject
Project("{9A19103F-16F7-4668-BE54-9A1E7A4F7556}") = "Tests_Inyeccion", "temas\inyeccion\csharp-01\Tests_Inyeccion\Tests_Inyeccion.csproj", "{B387AF31-6603-42D5-B8B0-4B62B95CF17A}"
EndProject
Global
	GlobalSection(SolutionConfigurationPlatforms) = preSolution
		Debug|Any CPU = Debug|Any CPU
		Release|Any CPU = Release|Any CPU
	EndGlobalSection
	GlobalSection(ProjectConfigurationPlatforms) = postSolution
		{9727B431-05EE-4F89-A7C8-8E9E4B08E3C2}.Debug|Any CPU.ActiveCfg = Debug|Any CPU
		{9727B431-05EE-4F89-A7C8-8E9E4B08E3C2}.Debug|Any CPU.Build.0 = Debug|Any CPU
		{9727B431-05EE-4F89-A7C8-8E9E4B08E3C2}.Release|Any CPU.ActiveCfg = Release|Any CPU
		{9727B431-05EE-4F89-A7C8-8E9E4B08E3C2}.Release|Any CPU.Build.0 = Release|Any CPU
		{B387AF31-6603-42D5-B8B0-4B62B95CF17A}.Debug|Any CPU.ActiveCfg = Debug|Any CPU
		{B387AF31-6603-42D5-B8B0-4B62B95CF17A}.Debug|Any CPU.Build.0 = Debug|Any CPU
		{B387AF31-6603-42D5-B8B0-4B62B95CF17A}.Release|Any CPU.ActiveCfg = Release|Any CPU
		{B387AF31-6603-42D5-B8B0-4B62B95CF17A}.Release|Any CPU.Build.0 = Release|Any CPU
	EndGlobalSection
	GlobalSection(SolutionProperties) = preSolution
		HideSolutionNode = FALSE
	EndGlobalSection
	GlobalSection(NestedProjects) = preSolution
		{1A9B21BE-90F2-4589-BF77-B5BFD60EB508} = {A635B5E3-6600-4E09-810E-26922D39E861}
		{12403B42-973D-4B1F-BC13-BFD72B5DD0BF} = {1A9B21BE-90F2-4589-BF77-B5BFD60EB508}
		{9727B431-05EE-4F89-A7C8-8E9E4B08E3C2} = {12403B42-973D-4B1F-BC13-BFD72B5DD0BF}
		{B387AF31-6603-42D5-B8B0-4B62B95CF17A} = {12403B42-973D-4B1F-BC13-BFD72B5DD0BF}
	EndGlobalSection
	GlobalSection(ExtensibilityGlobals) = postSolution
		SolutionGuid = {C4B5BDA5-24B5-4F60-91CE-76A18B75E7CE}
	EndGlobalSection
EndGlobal
